{
  "name": "hookshield",
  "version": "0.1.0",
  "lockfileVersion": 3,
  "requires": true,
  "packages": {
    "": {
      "name": "hookshield",
      "version": "0.1.0",
      "license": "MIT",
      "bin": {
        "hooker": "bin/hooker.js",
        "hookshield": "bin/hookshield.js"
      },
      "engines": {
        "node": ">=18"
      }
    }
  }
}
